
Microsoft Visual Studio Solution File, Format Version 12.00
# Visual Studio Version 16
VisualStudioVersion = 16.0.28822.285
MinimumVisualStudioVersion = 10.0.40219.1
Project("{FAE04EC0-301F-11D3-BF4B-00C04F79EFBC}") = "ShoeShopApp", "ShoeShopApp\ShoeShopApp.csproj", "{D4484F46-C752-49C0-BD62-D80C61F4F941}"
EndProject
Global
	GlobalSection(SolutionConfigurationPlatforms) = preSolution
		Debug|Any CPU = Debug|Any CPU
		Release|Any CPU = Release|Any CPU
	EndGlobalSection
	GlobalSection(ProjectConfigurationPlatforms) = postSolution
		{D4484F46-C752-49C0-BD62-D80C61F4F941}.Debug|Any CPU.ActiveCfg = Debug|Any CPU
		{D4484F46-C752-49C0-BD62-D80C61F4F941}.Debug|Any CPU.Build.0 = Debug|Any CPU
		{D4484F46-C752-49C0-BD62-D80C61F4F941}.Release|Any CPU.ActiveCfg = Release|Any CPU
		{D4484F46-C752-49C0-BD62-D80C61F4F941}.Release|Any CPU.Build.0 = Release|Any CPU
	EndGlobalSection
	GlobalSection(SolutionProperties) = preSolution
		HideSolutionNode = FALSE
	EndGlobalSection
	GlobalSection(ExtensibilityGlobals) = postSolution
		SolutionGuid = {0375D1D0-69A9-4243-B829-F55DF26BD534}
	EndGlobalSection
EndGlobal
